
Microsoft Visual Studio Solution File, Format Version 12.00
# Visual Studio Version 16
VisualStudioVersion = 16.0.28917.181
MinimumVisualStudioVersion = 10.0.40219.1
Project("{8BC9CEB8-8B4A-11D0-8D11-00A0C91BC942}") = "StoreFinder", "StoreFinder\StoreFinder.vcxproj", "{3DA333E1-11C5-41C2-A51F-F40C39D9BDBA}"
EndProject
Global
	GlobalSection(SolutionConfigurationPlatforms) = preSolution
		Debug|x64 = Debug|x64
		Debug|x86 = Debug|x86
		Release|x64 = Release|x64
		Release|x86 = Release|x86
	EndGlobalSection
	GlobalSection(ProjectConfigurationPlatforms) = postSolution
		{3DA333E1-11C5-41C2-A51F-F40C39D9BDBA}.Debug|x64.ActiveCfg = Debug|x64
		{3DA333E1-11C5-41C2-A51F-F40C39D9BDBA}.Debug|x64.Build.0 = Debug|x64
		{3DA333E1-11C5-41C2-A51F-F40C39D9BDBA}.Debug|x86.ActiveCfg = Debug|Win32
		{3DA333E1-11C5-41C2-A51F-F40C39D9BDBA}.Debug|x86.Build.0 = Debug|Win32
		{3DA333E1-11C5-41C2-A51F-F40C39D9BDBA}.Release|x64.ActiveCfg = Release|x64
		{3DA333E1-11C5-41C2-A51F-F40C39D9BDBA}.Release|x64.Build.0 = Release|x64
		{3DA333E1-11C5-41C2-A51F-F40C39D9BDBA}.Release|x86.ActiveCfg = Release|Win32
		{3DA333E1-11C5-41C2-A51F-F40C39D9BDBA}.Release|x86.Build.0 = Release|Win32
	EndGlobalSection
	GlobalSection(SolutionProperties) = preSolution
		HideSolutionNode = FALSE
	EndGlobalSection
	GlobalSection(ExtensibilityGlobals) = postSolution
		SolutionGuid = {E548C0BE-158F-4AF7-BDCA-5FC8D799FAE0}
	EndGlobalSection
EndGlobal
